// !$*UTF8*$!
{
	archiveVersion = 1;
	classes = {
	};
	objectVersion = 46;
	objects = {

/* Begin PBXBuildFile section */
		471D9616195148970047EC17 /* Foundation.framework in Frameworks */ = {isa = PBXBuildFile; fileRef = 471D9615195148970047EC17 /* Foundation.framework */; };
		471D9618195148970047EC17 /* CoreGraphics.framework in Frameworks */ = {isa = PBXBuildFile; fileRef = 471D9617195148970047EC17 /* CoreGraphics.framework */; };
		471D961A195148970047EC17 /* UIKit.framework in Frameworks */ = {isa = PBXBuildFile; fileRef = 471D9619195148970047EC17 /* UIKit.framework */; };
		471D9620195148970047EC17 /* InfoPlist.strings in Resources */ = {isa = PBXBuildFile; fileRef = 471D961E195148970047EC17 /* InfoPlist.strings */; };
		471D9622195148970047EC17 /* main.m in Sources */ = {isa = PBXBuildFile; fileRef = 471D9621195148970047EC17 /* main.m */; };
		471D9626195148970047EC17 /* AppDelegate.m in Sources */ = {isa = PBXBuildFile; fileRef = 471D9625195148970047EC17 /* AppDelegate.m */; };
		471D9629195148970047EC17 /* Main_iPhone.storyboard in Resources */ = {isa = PBXBuildFile; fileRef = 471D9627195148970047EC17 /* Main_iPhone.storyboard */; };
		471D962C195148970047EC17 /* Main_iPad.storyboard in Resources */ = {isa = PBXBuildFile; fileRef = 471D962A195148970047EC17 /* Main_iPad.storyboard */; };
		471D962F195148970047EC17 /* ViewController.m in Sources */ = {isa = PBXBuildFile; fileRef = 471D962E195148970047EC17 /* ViewController.m */; };
		471D9631195148970047EC17 /* Images.xcassets in Resources */ = {isa = PBXBuildFile; fileRef = 471D9630195148970047EC17 /* Images.xcassets */; };
		471D9638195148970047EC17 /* XCTest.framework in Frameworks */ = {isa = PBXBuildFile; fileRef = 471D9637195148970047EC17 /* XCTest.framework */; };
		471D9639195148970047EC17 /* Foundation.framework in Frameworks */ = {isa = PBXBuildFile; fileRef = 471D9615195148970047EC17 /* Foundation.framework */; };
		471D963A195148970047EC17 /* UIKit.framework in Frameworks */ = {isa = PBXBuildFile; fileRef = 471D9619195148970047EC17 /* UIKit.framework */; };
		471D9642195148970047EC17 /* InfoPlist.strings in Resources */ = {isa = PBXBuildFile; fileRef = 471D9640195148970047EC17 /* InfoPlist.strings */; };
		471D9644195148970047EC17 /* funny_clockTests.m in Sources */ = {isa = PBXBuildFile; fileRef = 471D9643195148970047EC17 /* funny_clockTests.m */; };
/* End PBXBuildFile section */

/* Begin PBXContainerItemProxy section */
		471D963B195148970047EC17 /* PBXContainerItemProxy */ = {
			isa = PBXContainerItemProxy;
			containerPortal = 471D960A195148970047EC17 /* Project object */;
			proxyType = 1;
			remoteGlobalIDString = 471D9611195148970047EC17;
			remoteInfo = "funny-clock";
		};
/* End PBXContainerItemProxy section */

/* Begin PBXFileReference section */
		471D9612195148970047EC17 /* funny-clock.app */ = {isa = PBXFileReference; explicitFileType = wrapper.application; includeInIndex = 0; path = "funny-clock.app"; sourceTree = BUILT_PRODUCTS_DIR; };
		471D9615195148970047EC17 /* Foundation.framework */ = {isa = PBXFileReference; lastKnownFileType = wrapper.framework; name = Foundation.framework; path = System/Library/Frameworks/Foundation.framework; sourceTree = SDKROOT; };
		471D9617195148970047EC17 /* CoreGraphics.framework */ = {isa = PBXFileReference; lastKnownFileType = wrapper.framework; name = CoreGraphics.framework; path = System/Library/Frameworks/CoreGraphics.framework; sourceTree = SDKROOT; };
		471D9619195148970047EC17 /* UIKit.framework */ = {isa = PBXFileReference; lastKnownFileType = wrapper.framework; name = UIKit.framework; path = System/Library/Frameworks/UIKit.framework; sourceTree = SDKROOT; };
		471D961D195148970047EC17 /* funny-clock-Info.plist */ = {isa = PBXFileReference; lastKnownFileType = text.plist.xml; path = "funny-clock-Info.plist"; sourceTree = "<group>"; };
		471D961F195148970047EC17 /* en */ = {isa = PBXFileReference; lastKnownFileType = text.plist.strings; name = en; path = en.lproj/InfoPlist.strings; sourceTree = "<group>"; };
		471D9621195148970047EC17 /* main.m */ = {isa = PBXFileReference; lastKnownFileType = sourcecode.c.objc; path = main.m; sourceTree = "<group>"; };
		471D9623195148970047EC17 /* funny-clock-Prefix.pch */ = {isa = PBXFileReference; lastKnownFileType = sourcecode.c.h; path = "funny-clock-Prefix.pch"; sourceTree = "<group>"; };
		471D9624195148970047EC17 /* AppDelegate.h */ = {isa = PBXFileReference; lastKnownFileType = sourcecode.c.h; path = AppDelegate.h; sourceTree = "<group>"; };
		471D9625195148970047EC17 /* AppDelegate.m */ = {isa = PBXFileReference; lastKnownFileType = sourcecode.c.objc; path = AppDelegate.m; sourceTree = "<group>"; };
		471D9628195148970047EC17 /* Base */ = {isa = PBXFileReference; lastKnownFileType = file.storyboard; name = Base; path = Base.lproj/Main_iPhone.storyboard; sourceTree = "<group>"; };
		471D962B195148970047EC17 /* Base */ = {isa = PBXFileReference; lastKnownFileType = file.storyboard; name = Base; path = Base.lproj/Main_iPad.storyboard; sourceTree = "<group>"; };
		471D962D195148970047EC17 /* ViewController.h */ = {isa = PBXFileReference; lastKnownFileType = sourcecode.c.h; path = ViewController.h; sourceTree = "<group>"; };
		471D962E195148970047EC17 /* ViewController.m */ = {isa = PBXFileReference; lastKnownFileType = sourcecode.c.objc; path = ViewController.m; sourceTree = "<group>"; };
		471D9630195148970047EC17 /* Images.xcassets */ = {isa = PBXFileReference; lastKnownFileType = folder.assetcatalog; path = Images.xcassets; sourceTree = "<group>"; };
		471D9636195148970047EC17 /* funny-clockTests.xctest */ = {isa = PBXFileReference; explicitFileType = wrapper.cfbundle; includeInIndex = 0; path = "funny-clockTests.xctest"; sourceTree = BUILT_PRODUCTS_DIR; };
		471D9637195148970047EC17 /* XCTest.framework */ = {isa = PBXFileReference; lastKnownFileType = wrapper.framework; name = XCTest.framework; path = Library/Frameworks/XCTest.framework; sourceTree = DEVELOPER_DIR; };
		471D963F195148970047EC17 /* funny-clockTests-Info.plist */ = {isa = PBXFileReference; lastKnownFileType = text.plist.xml; path = "funny-clockTests-Info.plist"; sourceTree = "<group>"; };
		471D9641195148970047EC17 /* en */ = {isa = PBXFileReference; lastKnownFileType = text.plist.strings; name = en; path = en.lproj/InfoPlist.strings; sourceTree = "<group>"; };
		471D9643195148970047EC17 /* funny_clockTests.m */ = {isa = PBXFileReference; lastKnownFileType = sourcecode.c.objc; path = funny_clockTests.m; sourceTree = "<group>"; };
/* End PBXFileReference section */

/* Begin PBXFrameworksBuildPhase section */
		471D960F195148970047EC17 /* Frameworks */ = {
			isa = PBXFrameworksBuildPhase;
			buildActionMask = 2147483647;
			files = (
				471D9618195148970047EC17 /* CoreGraphics.framework in Frameworks */,
				471D961A195148970047EC17 /* UIKit.framework in Frameworks */,
				471D9616195148970047EC17 /* Foundation.framework in Frameworks */,
			);
			runOnlyForDeploymentPostprocessing = 0;
		};
		471D9633195148970047EC17 /* Frameworks */ = {
			isa = PBXFrameworksBuildPhase;
			buildActionMask = 2147483647;
			files = (
				471D9638195148970047EC17 /* XCTest.framework in Frameworks */,
				471D963A195148970047EC17 /* UIKit.framework in Frameworks */,
				471D9639195148970047EC17 /* Foundation.framework in Frameworks */,
			);
			runOnlyForDeploymentPostprocessing = 0;
		};
/* End PBXFrameworksBuildPhase section */

/* Begin PBXGroup section */
		471D9609195148970047EC17 = {
			isa = PBXGroup;
			children = (
				471D961B195148970047EC17 /* funny-clock */,
				471D963D195148970047EC17 /* funny-clockTests */,
				471D9614195148970047EC17 /* Frameworks */,
				471D9613195148970047EC17 /* Products */,
			);
			sourceTree = "<group>";
		};
		471D9613195148970047EC17 /* Products */ = {
			isa = PBXGroup;
			children = (
				471D9612195148970047EC17 /* funny-clock.app */,
				471D9636195148970047EC17 /* funny-clockTests.xctest */,
			);
			name = Products;
			sourceTree = "<group>";
		};
		471D9614195148970047EC17 /* Frameworks */ = {
			isa = PBXGroup;
			children = (
				471D9615195148970047EC17 /* Foundation.framework */,
				471D9617195148970047EC17 /* CoreGraphics.framework */,
				471D9619195148970047EC17 /* UIKit.framework */,
				471D9637195148970047EC17 /* XCTest.framework */,
			);
			name = Frameworks;
			sourceTree = "<group>";
		};
		471D961B195148970047EC17 /* funny-clock */ = {
			isa = PBXGroup;
			children = (
				471D9624195148970047EC17 /* AppDelegate.h */,
				471D9625195148970047EC17 /* AppDelegate.m */,
				471D9627195148970047EC17 /* Main_iPhone.storyboard */,
				471D962A195148970047EC17 /* Main_iPad.storyboard */,
				471D962D195148970047EC17 /* ViewController.h */,
				471D962E195148970047EC17 /* ViewController.m */,
				471D9630195148970047EC17 /* Images.xcassets */,
				471D961C195148970047EC17 /* Supporting Files */,
			);
			path = "funny-clock";
			sourceTree = "<group>";
		};
		471D961C195148970047EC17 /* Supporting Files */ = {
			isa = PBXGroup;
			children = (
				471D961D195148970047EC17 /* funny-clock-Info.plist */,
				471D961E195148970047EC17 /* InfoPlist.strings */,
				471D9621195148970047EC17 /* main.m */,
				471D9623195148970047EC17 /* funny-clock-Prefix.pch */,
			);
			name = "Supporting Files";
			sourceTree = "<group>";
		};
		471D963D195148970047EC17 /* funny-clockTests */ = {
			isa = PBXGroup;
			children = (
				471D9643195148970047EC17 /* funny_clockTests.m */,
				471D963E195148970047EC17 /* Supporting Files */,
			);
			path = "funny-clockTests";
			sourceTree = "<group>";
		};
		471D963E195148970047EC17 /* Supporting Files */ = {
			isa = PBXGroup;
			children = (
				471D963F195148970047EC17 /* funny-clockTests-Info.plist */,
				471D9640195148970047EC17 /* InfoPlist.strings */,
			);
			name = "Supporting Files";
			sourceTree = "<group>";
		};
/* End PBXGroup section */

/* Begin PBXNativeTarget section */
		471D9611195148970047EC17 /* funny-clock */ = {
			isa = PBXNativeTarget;
			buildConfigurationList = 471D9647195148970047EC17 /* Build configuration list for PBXNativeTarget "funny-clock" */;
			buildPhases = (
				471D960E195148970047EC17 /* Sources */,
				471D960F195148970047EC17 /* Frameworks */,
				471D9610195148970047EC17 /* Resources */,
			);
			buildRules = (
			);
			dependencies = (
			);
			name = "funny-clock";
			productName = "funny-clock";
			productReference = 471D9612195148970047EC17 /* funny-clock.app */;
			productType = "com.apple.product-type.application";
		};
		471D9635195148970047EC17 /* funny-clockTests */ = {
			isa = PBXNativeTarget;
			buildConfigurationList = 471D964A195148970047EC17 /* Build configuration list for PBXNativeTarget "funny-clockTests" */;
			buildPhases = (
				471D9632195148970047EC17 /* Sources */,
				471D9633195148970047EC17 /* Frameworks */,
				471D9634195148970047EC17 /* Resources */,
			);
			buildRules = (
			);
			dependencies = (
				471D963C195148970047EC17 /* PBXTargetDependency */,
			);
			name = "funny-clockTests";
			productName = "funny-clockTests";
			productReference = 471D9636195148970047EC17 /* funny-clockTests.xctest */;
			productType = "com.apple.product-type.bundle.unit-test";
		};
/* End PBXNativeTarget section */

/* Begin PBXProject section */
		471D960A195148970047EC17 /* Project object */ = {
			isa = PBXProject;
			attributes = {
				LastUpgradeCheck = 0510;
				ORGANIZATIONNAME = HC;
				TargetAttributes = {
					471D9635195148970047EC17 = {
						TestTargetID = 471D9611195148970047EC17;
					};
				};
			};
			buildConfigurationList = 471D960D195148970047EC17 /* Build configuration list for PBXProject "funny-clock" */;
			compatibilityVersion = "Xcode 3.2";
			developmentRegion = English;
			hasScannedForEncodings = 0;
			knownRegions = (
				en,
				Base,
			);
			mainGroup = 471D9609195148970047EC17;
			productRefGroup = 471D9613195148970047EC17 /* Products */;
			projectDirPath = "";
			projectRoot = "";
			targets = (
				471D9611195148970047EC17 /* funny-clock */,
				471D9635195148970047EC17 /* funny-clockTests */,
			);
		};
/* End PBXProject section */

/* Begin PBXResourcesBuildPhase section */
		471D9610195148970047EC17 /* Resources */ = {
			isa = PBXResourcesBuildPhase;
			buildActionMask = 2147483647;
			files = (
				471D962C195148970047EC17 /* Main_iPad.storyboard in Resources */,
				471D9631195148970047EC17 /* Images.xcassets in Resources */,
				471D9629195148970047EC17 /* Main_iPhone.storyboard in Resources */,
				471D9620195148970047EC17 /* InfoPlist.strings in Resources */,
			);
			runOnlyForDeploymentPostprocessing = 0;
		};
		471D9634195148970047EC17 /* Resources */ = {
			isa = PBXResourcesBuildPhase;
			buildActionMask = 2147483647;
			files = (
				471D9642195148970047EC17 /* InfoPlist.strings in Resources */,
			);
			runOnlyForDeploymentPostprocessing = 0;
		};
/* End PBXResourcesBuildPhase section */

/* Begin PBXSourcesBuildPhase section */
		471D960E195148970047EC17 /* Sources */ = {
			isa = PBXSourcesBuildPhase;
			buildActionMask = 2147483647;
			files = (
				471D962F195148970047EC17 /* ViewController.m in Sources */,
				471D9626195148970047EC17 /* AppDelegate.m in Sources */,
				471D9622195148970047EC17 /* main.m in Sources */,
			);
			runOnlyForDeploymentPostprocessing = 0;
		};
		471D9632195148970047EC17 /* Sources */ = {
			isa = PBXSourcesBuildPhase;
			buildActionMask = 2147483647;
			files = (
				471D9644195148970047EC17 /* funny_clockTests.m in Sources */,
			);
			runOnlyForDeploymentPostprocessing = 0;
		};
/* End PBXSourcesBuildPhase section */

/* Begin PBXTargetDependency section */
		471D963C195148970047EC17 /* PBXTargetDependency */ = {
			isa = PBXTargetDependency;
			target = 471D9611195148970047EC17 /* funny-clock */;
			targetProxy = 471D963B195148970047EC17 /* PBXContainerItemProxy */;
		};
/* End PBXTargetDependency section */

/* Begin PBXVariantGroup section */
		471D961E195148970047EC17 /* InfoPlist.strings */ = {
			isa = PBXVariantGroup;
			children = (
				471D961F195148970047EC17 /* en */,
			);
			name = InfoPlist.strings;
			sourceTree = "<group>";
		};
		471D9627195148970047EC17 /* Main_iPhone.storyboard */ = {
			isa = PBXVariantGroup;
			children = (
				471D9628195148970047EC17 /* Base */,
			);
			name = Main_iPhone.storyboard;
			sourceTree = "<group>";
		};
		471D962A195148970047EC17 /* Main_iPad.storyboard */ = {
			isa = PBXVariantGroup;
			children = (
				471D962B195148970047EC17 /* Base */,
			);
			name = Main_iPad.storyboard;
			sourceTree = "<group>";
		};
		471D9640195148970047EC17 /* InfoPlist.strings */ = {
			isa = PBXVariantGroup;
			children = (
				471D9641195148970047EC17 /* en */,
			);
			name = InfoPlist.strings;
			sourceTree = "<group>";
		};
/* End PBXVariantGroup section */

/* Begin XCBuildConfiguration section */
		471D9645195148970047EC17 /* Debug */ = {
			isa = XCBuildConfiguration;
			buildSettings = {
				ALWAYS_SEARCH_USER_PATHS = NO;
				CLANG_CXX_LANGUAGE_STANDARD = "gnu++0x";
				CLANG_CXX_LIBRARY = "libc++";
				CLANG_ENABLE_MODULES = YES;
				CLANG_ENABLE_OBJC_ARC = YES;
				CLANG_WARN_BOOL_CONVERSION = YES;
				CLANG_WARN_CONSTANT_CONVERSION = YES;
				CLANG_WARN_DIRECT_OBJC_ISA_USAGE = YES_ERROR;
				CLANG_WARN_EMPTY_BODY = YES;
				CLANG_WARN_ENUM_CONVERSION = YES;
				CLANG_WARN_INT_CONVERSION = YES;
				CLANG_WARN_OBJC_ROOT_CLASS = YES_ERROR;
				CLANG_WARN__DUPLICATE_METHOD_MATCH = YES;
				"CODE_SIGN_IDENTITY[sdk=iphoneos*]" = "iPhone Developer";
				COPY_PHASE_STRIP = NO;
				GCC_C_LANGUAGE_STANDARD = gnu99;
				GCC_DYNAMIC_NO_PIC = NO;
				GCC_OPTIMIZATION_LEVEL = 0;
				GCC_PREPROCESSOR_DEFINITIONS = (
					"DEBUG=1",
					"$(inherited)",
				);
				GCC_SYMBOLS_PRIVATE_EXTERN = NO;
				GCC_WARN_64_TO_32_BIT_CONVERSION = YES;
				GCC_WARN_ABOUT_RETURN_TYPE = YES_ERROR;
				GCC_WARN_UNDECLARED_SELECTOR = YES;
				GCC_WARN_UNINITIALIZED_AUTOS = YES_AGGRESSIVE;
				GCC_WARN_UNUSED_FUNCTION = YES;
				GCC_WARN_UNUSED_VARIABLE = YES;
				IPHONEOS_DEPLOYMENT_TARGET = 7.1;
				ONLY_ACTIVE_ARCH = YES;
				SDKROOT = iphoneos;
				TARGETED_DEVICE_FAMILY = "1,2";
			};
			name = Debug;
		};
		471D9646195148970047EC17 /* Release */ = {
			isa = XCBuildConfiguration;
			buildSettings = {
				ALWAYS_SEARCH_USER_PATHS = NO;
				CLANG_CXX_LANGUAGE_STANDARD = "gnu++0x";
				CLANG_CXX_LIBRARY = "libc++";
				CLANG_ENABLE_MODULES = YES;
				CLANG_ENABLE_OBJC_ARC = YES;
				CLANG_WARN_BOOL_CONVERSION = YES;
				CLANG_WARN_CONSTANT_CONVERSION = YES;
				CLANG_WARN_DIRECT_OBJC_ISA_USAGE = YES_ERROR;
				CLANG_WARN_EMPTY_BODY = YES;
				CLANG_WARN_ENUM_CONVERSION = YES;
				CLANG_WARN_INT_CONVERSION = YES;
				CLANG_WARN_OBJC_ROOT_CLASS = YES_ERROR;
				CLANG_WARN__DUPLICATE_METHOD_MATCH = YES;
				"CODE_SIGN_IDENTITY[sdk=iphoneos*]" = "iPhone Developer";
				COPY_PHASE_STRIP = YES;
				ENABLE_NS_ASSERTIONS = NO;
				GCC_C_LANGUAGE_STANDARD = gnu99;
				GCC_WARN_64_TO_32_BIT_CONVERSION = YES;
				GCC_WARN_ABOUT_RETURN_TYPE = YES_ERROR;
				GCC_WARN_UNDECLARED_SELECTOR = YES;
				GCC_WARN_UNINITIALIZED_AUTOS = YES_AGGRESSIVE;
				GCC_WARN_UNUSED_FUNCTION = YES;
				GCC_WARN_UNUSED_VARIABLE = YES;
				IPHONEOS_DEPLOYMENT_TARGET = 7.1;
				SDKROOT = iphoneos;
				TARGETED_DEVICE_FAMILY = "1,2";
				VALIDATE_PRODUCT = YES;
			};
			name = Release;
		};
		471D9648195148970047EC17 /* Debug */ = {
			isa = XCBuildConfiguration;
			buildSettings = {
				ASSETCATALOG_COMPILER_APPICON_NAME = AppIcon;
				ASSETCATALOG_COMPILER_LAUNCHIMAGE_NAME = LaunchImage;
				GCC_PRECOMPILE_PREFIX_HEADER = YES;
				GCC_PREFIX_HEADER = "funny-clock/funny-clock-Prefix.pch";
				INFOPLIST_FILE = "funny-clock/funny-clock-Info.plist";
				PRODUCT_NAME = "$(TARGET_NAME)";
				WRAPPER_EXTENSION = app;
			};
			name = Debug;
		};
		471D9649195148970047EC17 /* Release */ = {
			isa = XCBuildConfiguration;
			buildSettings = {
				ASSETCATALOG_COMPILER_APPICON_NAME = AppIcon;
				ASSETCATALOG_COMPILER_LAUNCHIMAGE_NAME = LaunchImage;
				GCC_PRECOMPILE_PREFIX_HEADER = YES;
				GCC_PREFIX_HEADER = "funny-clock/funny-clock-Prefix.pch";
				INFOPLIST_FILE = "funny-clock/funny-clock-Info.plist";
				PRODUCT_NAME = "$(TARGET_NAME)";
				WRAPPER_EXTENSION = app;
			};
			name = Release;
		};
		471D964B195148970047EC17 /* Debug */ = {
			isa = XCBuildConfiguration;
			buildSettings = {
				BUNDLE_LOADER = "$(BUILT_PRODUCTS_DIR)/funny-clock.app/funny-clock";
				FRAMEWORK_SEARCH_PATHS = (
					"$(SDKROOT)/Developer/Library/Frameworks",
					"$(inherited)",
					"$(DEVELOPER_FRAMEWORKS_DIR)",
				);
				GCC_PRECOMPILE_PREFIX_HEADER = YES;
				GCC_PREFIX_HEADER = "funny-clock/funny-clock-Prefix.pch";
				GCC_PREPROCESSOR_DEFINITIONS = (
					"DEBUG=1",
					"$(inherited)",
				);
				INFOPLIST_FILE = "funny-clockTests/funny-clockTests-Info.plist";
				PRODUCT_NAME = "$(TARGET_NAME)";
				TEST_HOST = "$(BUNDLE_LOADER)";
				WRAPPER_EXTENSION = xctest;
			};
			name = Debug;
		};
		471D964C195148970047EC17 /* Release */ = {
			isa = XCBuildConfiguration;
			buildSettings = {
				BUNDLE_LOADER = "$(BUILT_PRODUCTS_DIR)/funny-clock.app/funny-clock";
				FRAMEWORK_SEARCH_PATHS = (
					"$(SDKROOT)/Developer/Library/Frameworks",
					"$(inherited)",
					"$(DEVELOPER_FRAMEWORKS_DIR)",
				);
				GCC_PRECOMPILE_PREFIX_HEADER = YES;
				GCC_PREFIX_HEADER = "funny-clock/funny-clock-Prefix.pch";
				INFOPLIST_FILE = "funny-clockTests/funny-clockTests-Info.plist";
				PRODUCT_NAME = "$(TARGET_NAME)";
				TEST_HOST = "$(BUNDLE_LOADER)";
				WRAPPER_EXTENSION = xctest;
			};
			name = Release;
		};
/* End XCBuildConfiguration section */

/* Begin XCConfigurationList section */
		471D960D195148970047EC17 /* Build configuration list for PBXProject "funny-clock" */ = {
			isa = XCConfigurationList;
			buildConfigurations = (
				471D9645195148970047EC17 /* Debug */,
				471D9646195148970047EC17 /* Release */,
			);
			defaultConfigurationIsVisible = 0;
			defaultConfigurationName = Release;
		};
		471D9647195148970047EC17 /* Build configuration list for PBXNativeTarget "funny-clock" */ = {
			isa = XCConfigurationList;
			buildConfigurations = (
				471D9648195148970047EC17 /* Debug */,
				471D9649195148970047EC17 /* Release */,
			);
			defaultConfigurationIsVisible = 0;
		};
		471D964A195148970047EC17 /* Build configuration list for PBXNativeTarget "funny-clockTests" */ = {
			isa = XCConfigurationList;
			buildConfigurations = (
				471D964B195148970047EC17 /* Debug */,
				471D964C195148970047EC17 /* Release */,
			);
			defaultConfigurationIsVisible = 0;
		};
/* End XCConfigurationList section */
	};
	rootObject = 471D960A195148970047EC17 /* Project object */;
}
